
Microsoft Visual Studio Solution File, Format Version 12.00
# Visual Studio Version 17
VisualStudioVersion = 17.3.32825.248
MinimumVisualStudioVersion = 10.0.40219.1
Project("{8BC9CEB8-8B4A-11D0-8D11-00A0C91BC942}") = "GameDoMin", "GameDoMin\GameDoMin.vcxproj", "{DC13718D-AFA5-45EA-BBD6-191EE22B32FE}"
EndProject
Global
	GlobalSection(SolutionConfigurationPlatforms) = preSolution
		Debug|x64 = Debug|x64
		Debug|x86 = Debug|x86
		Release|x64 = Release|x64
		Release|x86 = Release|x86
	EndGlobalSection
	GlobalSection(ProjectConfigurationPlatforms) = postSolution
		{DC13718D-AFA5-45EA-BBD6-191EE22B32FE}.Debug|x64.ActiveCfg = Debug|x64
		{DC13718D-AFA5-45EA-BBD6-191EE22B32FE}.Debug|x64.Build.0 = Debug|x64
		{DC13718D-AFA5-45EA-BBD6-191EE22B32FE}.Debug|x86.ActiveCfg = Debug|Win32
		{DC13718D-AFA5-45EA-BBD6-191EE22B32FE}.Debug|x86.Build.0 = Debug|Win32
		{DC13718D-AFA5-45EA-BBD6-191EE22B32FE}.Release|x64.ActiveCfg = Release|x64
		{DC13718D-AFA5-45EA-BBD6-191EE22B32FE}.Release|x64.Build.0 = Release|x64
		{DC13718D-AFA5-45EA-BBD6-191EE22B32FE}.Release|x86.ActiveCfg = Release|Win32
		{DC13718D-AFA5-45EA-BBD6-191EE22B32FE}.Release|x86.Build.0 = Release|Win32
	EndGlobalSection
	GlobalSection(SolutionProperties) = preSolution
		HideSolutionNode = FALSE
	EndGlobalSection
	GlobalSection(ExtensibilityGlobals) = postSolution
		SolutionGuid = {CE10D01D-E538-4CB7-A56B-5D30B6624B0C}
	EndGlobalSection
EndGlobal
